
Microsoft Visual Studio Solution File, Format Version 12.00
# Visual Studio Version 17
VisualStudioVersion = 17.9.34714.143
MinimumVisualStudioVersion = 10.0.40219.1
Project("{9A19103F-16F7-4668-BE54-9A1E7A4F7556}") = "ContributionsApi", "ContributionsApi.csproj", "{D4B85901-1390-42FD-BB62-9368A64318A5}"
EndProject
Global
	GlobalSection(SolutionConfigurationPlatforms) = preSolution
		Debug|Any CPU = Debug|Any CPU
		Release|Any CPU = Release|Any CPU
	EndGlobalSection
	GlobalSection(ProjectConfigurationPlatforms) = postSolution
		{D4B85901-1390-42FD-BB62-9368A64318A5}.Debug|Any CPU.ActiveCfg = Debug|Any CPU
		{D4B85901-1390-42FD-BB62-9368A64318A5}.Debug|Any CPU.Build.0 = Debug|Any CPU
		{D4B85901-1390-42FD-BB62-9368A64318A5}.Release|Any CPU.ActiveCfg = Release|Any CPU
		{D4B85901-1390-42FD-BB62-9368A64318A5}.Release|Any CPU.Build.0 = Release|Any CPU
	EndGlobalSection
	GlobalSection(SolutionProperties) = preSolution
		HideSolutionNode = FALSE
	EndGlobalSection
	GlobalSection(ExtensibilityGlobals) = postSolution
		SolutionGuid = {40FA0390-65C7-48D0-9E2E-8023C60DB5D3}
	EndGlobalSection
EndGlobal
